{
	"requires": true,
	"lockfileVersion": 1,
	"dependencies": {
		"@angular/animations": {
			"version": "4.4.6",
			"resolved": "https://registry.npmjs.org/@angular/animations/-/animations-4.4.6.tgz",
			"integrity": "sha1-+mYYmaik44y3xYPHpcl85l1ZKjU=",
			"requires": {
				"tslib": "1.8.0"
			}
		},
		"@angular/common": {
			"version": "4.4.6",
			"resolved": "https://registry.npmjs.org/@angular/common/-/common-4.4.6.tgz",
			"integrity": "sha1-S4FCByTggooOg5uVpV6xp+g5GPI=",
			"requires": {
				"tslib": "1.8.0"
			}
		},
		"@angular/compiler": {
			"version": "4.4.6",
			"resolved": "https://registry.npmjs.org/@angular/compiler/-/compiler-4.4.6.tgz",
			"integrity": "sha1-LuH68lt1fh0SiXkHS+f65SmzvCA=",
			"requires": {
				"tslib": "1.8.0"
			}
		},
		"@angular/core": {
			"version": "4.4.6",
			"resolved": "https://registry.npmjs.org/@angular/core/-/core-4.4.6.tgz",
			"integrity": "sha1-EwMf0Q3P5DiHVBmzjyESCVi8I1Q=",
			"requires": {
				"tslib": "1.8.0"
			}
		},
		"@angular/forms": {
			"version": "4.4.6",
			"resolved": "https://registry.npmjs.org/@angular/forms/-/forms-4.4.6.tgz",
			"integrity": "sha1-/mSs5CQ1wbgPSQNLfEHOjK8UpEo=",
			"requires": {
				"tslib": "1.8.0"
			}
		},
		"@angular/http": {
			"version": "4.4.6",
			"resolved": "https://registry.npmjs.org/@angular/http/-/http-4.4.6.tgz",
			"integrity": "sha1-CvaAxnEL3AJtlA4iXP0PalwAXQw=",
			"requires": {
				"tslib": "1.8.0"
			}
		},
		"@angular/platform-browser": {
			"version": "4.4.6",
			"resolved": "https://registry.npmjs.org/@angular/platform-browser/-/platform-browser-4.4.6.tgz",
			"integrity": "sha1-qYOcVH4bZU+h0kqJeAyLpquNzOA=",
			"requires": {
				"tslib": "1.8.0"
			}
		},
		"@angular/router": {
			"version": "4.4.6",
			"resolved": "https://registry.npmjs.org/@angular/router/-/router-4.4.6.tgz",
			"integrity": "sha1-D2rSmuD/jSyeo3m9MgRHIXt+yGY=",
			"requires": {
				"tslib": "1.8.0"
			}
		},
		"balanced-match": {
			"version": "1.0.0",
			"resolved": "https://registry.npmjs.org/balanced-match/-/balanced-match-1.0.0.tgz",
			"integrity": "sha1-ibTRmasr7kneFk6gK4nORi1xt2c=",
			"dev": true
		},
		"brace-expansion": {
			"version": "1.1.8",
			"resolved": "https://registry.npmjs.org/brace-expansion/-/brace-expansion-1.1.8.tgz",
			"integrity": "sha1-wHshHHyVLsH479Uad+8NHTmQopI=",
			"dev": true,
			"requires": {
				"balanced-match": "1.0.0",
				"concat-map": "0.0.1"
			}
		},
		"concat-map": {
			"version": "0.0.1",
			"resolved": "https://registry.npmjs.org/concat-map/-/concat-map-0.0.1.tgz",
			"integrity": "sha1-2Klr13/Wjfd5OnMDajug1UBdR3s=",
			"dev": true
		},
		"glob": {
			"version": "6.0.4",
			"resolved": "https://registry.npmjs.org/glob/-/glob-6.0.4.tgz",
			"integrity": "sha1-DwiGD2oVUSey+t1PnOJLGqtuTSI=",
			"dev": true,
			"requires": {
				"inflight": "1.0.6",
				"inherits": "2.0.3",
				"minimatch": "3.0.4",
				"once": "1.4.0",
				"path-is-absolute": "1.0.1"
			}
		},
		"inflight": {
			"version": "1.0.6",
			"resolved": "https://registry.npmjs.org/inflight/-/inflight-1.0.6.tgz",
			"integrity": "sha1-Sb1jMdfQLQwJvJEKEHW6gWW1bfk=",
			"dev": true,
			"requires": {
				"once": "1.4.0",
				"wrappy": "1.0.2"
			}
		},
		"inherits": {
			"version": "2.0.3",
			"resolved": "https://registry.npmjs.org/inherits/-/inherits-2.0.3.tgz",
			"integrity": "sha1-Yzwsg+PaQqUC9SRmAiSA9CCCYd4=",
			"dev": true
		},
		"minimatch": {
			"version": "3.0.4",
			"resolved": "https://registry.npmjs.org/minimatch/-/minimatch-3.0.4.tgz",
			"integrity": "sha512-yJHVQEhyqPLUTgt9B83PXu6W3rx4MvvHvSUvToogpwoGDOUQ+yDrR0HRot+yOCdCO7u4hX3pWft6kWBBcqh0UA==",
			"dev": true,
			"requires": {
				"brace-expansion": "1.1.8"
			}
		},
		"minimist": {
			"version": "0.0.8",
			"resolved": "https://registry.npmjs.org/minimist/-/minimist-0.0.8.tgz",
			"integrity": "sha1-hX/Kv8M5fSYluCKCYuhqp6ARsF0=",
			"dev": true
		},
		"mkdirp": {
			"version": "0.5.1",
			"resolved": "https://registry.npmjs.org/mkdirp/-/mkdirp-0.5.1.tgz",
			"integrity": "sha1-MAV0OOrGz3+MR2fzhkjWaX11yQM=",
			"dev": true,
			"requires": {
				"minimist": "0.0.8"
			}
		},
		"nativescript-angular": {
			"version": "4.4.1",
			"resolved": "https://registry.npmjs.org/nativescript-angular/-/nativescript-angular-4.4.1.tgz",
			"integrity": "sha1-eCRonQwtxoKL+xclmBqh9tlCCas=",
			"requires": {
				"nativescript-intl": "3.0.0",
				"reflect-metadata": "0.1.10"
			}
		},
		"nativescript-auth0": {
			"version": "1.2.6",
			"resolved": "https://registry.npmjs.org/nativescript-auth0/-/nativescript-auth0-1.2.6.tgz",
			"integrity": "sha1-KzvZobjphYqVhtSjMMzDhZjzgtw="
		},
		"nativescript-dev-typescript": {
			"version": "0.5.1",
			"resolved": "https://registry.npmjs.org/nativescript-dev-typescript/-/nativescript-dev-typescript-0.5.1.tgz",
			"integrity": "sha1-YKhRTlqMiOhjfapEcFmzi8Y/x1I=",
			"dev": true,
			"requires": {
				"nativescript-hook": "0.2.2"
			}
		},
		"nativescript-hook": {
			"version": "0.2.2",
			"resolved": "https://registry.npmjs.org/nativescript-hook/-/nativescript-hook-0.2.2.tgz",
			"integrity": "sha1-NMDKi6R6eA63Zz4AU2DSm97GGOI=",
			"dev": true,
			"requires": {
				"glob": "6.0.4",
				"mkdirp": "0.5.1"
			}
		},
		"nativescript-intl": {
			"version": "3.0.0",
			"resolved": "https://registry.npmjs.org/nativescript-intl/-/nativescript-intl-3.0.0.tgz",
			"integrity": "sha1-gu6b59N3Fys8QpVzRyMDdijhhqc="
		},
		"nativescript-theme-core": {
			"version": "1.0.4",
			"resolved": "https://registry.npmjs.org/nativescript-theme-core/-/nativescript-theme-core-1.0.4.tgz",
			"integrity": "sha1-zyiAx/vy/l9D4iNdMJdQeQgD7+E="
		},
		"once": {
			"version": "1.4.0",
			"resolved": "https://registry.npmjs.org/once/-/once-1.4.0.tgz",
			"integrity": "sha1-WDsap3WWHUsROsF9nFC6753Xa9E=",
			"dev": true,
			"requires": {
				"wrappy": "1.0.2"
			}
		},
		"path-is-absolute": {
			"version": "1.0.1",
			"resolved": "https://registry.npmjs.org/path-is-absolute/-/path-is-absolute-1.0.1.tgz",
			"integrity": "sha1-F0uSaHNVNP+8es5r9TpanhtcX18=",
			"dev": true
		},
		"reflect-metadata": {
			"version": "0.1.10",
			"resolved": "https://registry.npmjs.org/reflect-metadata/-/reflect-metadata-0.1.10.tgz",
			"integrity": "sha1-tPg3BEFqytiZiMmxVjXUfgO5NEo="
		},
		"rxjs": {
			"version": "5.4.3",
			"resolved": "https://registry.npmjs.org/rxjs/-/rxjs-5.4.3.tgz",
			"integrity": "sha512-fSNi+y+P9ss+EZuV0GcIIqPUK07DEaMRUtLJvdcvMyFjc9dizuDjere+A4V7JrLGnm9iCc+nagV/4QdMTkqC4A==",
			"requires": {
				"symbol-observable": "1.1.0"
			}
		},
		"symbol-observable": {
			"version": "1.1.0",
			"resolved": "https://registry.npmjs.org/symbol-observable/-/symbol-observable-1.1.0.tgz",
			"integrity": "sha512-dQoid9tqQ+uotGhuTKEY11X4xhyYePVnqGSoSm3OGKh2E8LZ6RPULp1uXTctk33IeERlrRJYoVSBglsL05F5Uw=="
		},
		"tns-core-modules": {
			"version": "3.3.0",
			"resolved": "https://registry.npmjs.org/tns-core-modules/-/tns-core-modules-3.3.0.tgz",
			"integrity": "sha1-T+sfMRE8VU8LtHmErElvzNta8VY=",
			"requires": {
				"tns-core-modules-widgets": "3.3.0"
			}
		},
		"tns-core-modules-widgets": {
			"version": "3.3.0",
			"resolved": "https://registry.npmjs.org/tns-core-modules-widgets/-/tns-core-modules-widgets-3.3.0.tgz",
			"integrity": "sha1-0qp7smrSEkjJ9cH3X+pRNxhmYiY="
		},
		"tns-platform-declarations": {
			"version": "3.3.0",
			"resolved": "https://registry.npmjs.org/tns-platform-declarations/-/tns-platform-declarations-3.3.0.tgz",
			"integrity": "sha1-R5GJM5I+LiVfDOclGVijmXikkKc=",
			"dev": true
		},
		"tslib": {
			"version": "1.8.0",
			"resolved": "https://registry.npmjs.org/tslib/-/tslib-1.8.0.tgz",
			"integrity": "sha512-ymKWWZJST0/CkgduC2qkzjMOWr4bouhuURNXCn/inEX0L57BnRG6FhX76o7FOnsjHazCjfU2LKeSrlS2sIKQJg=="
		},
		"typescript": {
			"version": "2.4.2",
			"resolved": "https://registry.npmjs.org/typescript/-/typescript-2.4.2.tgz",
			"integrity": "sha1-+DlfhdRZJ2BnyYiqQYN6j4KHCEQ=",
			"dev": true
		},
		"wrappy": {
			"version": "1.0.2",
			"resolved": "https://registry.npmjs.org/wrappy/-/wrappy-1.0.2.tgz",
			"integrity": "sha1-tSQ9jz7BqjXxNkYFvA0QNuMKtp8=",
			"dev": true
		},
		"zone.js": {
			"version": "0.8.18",
			"resolved": "https://registry.npmjs.org/zone.js/-/zone.js-0.8.18.tgz",
			"integrity": "sha512-knKOBQM0oea3/x9pdyDuDi7RhxDlJhOIkeixXSiTKWLgs4LpK37iBc+1HaHwzlciHUKT172CymJFKo8Xgh+44Q=="
		}
	}
}
